
Microsoft Visual Studio Solution File, Format Version 12.00
# Visual Studio 15
VisualStudioVersion = 15.0.28307.271
MinimumVisualStudioVersion = 10.0.40219.1
Project("{9A19103F-16F7-4668-BE54-9A1E7A4F7556}") = "core", "core\core.csproj", "{DA6634B1-C212-47B7-9484-296B585A3423}"
EndProject
Project("{9A19103F-16F7-4668-BE54-9A1E7A4F7556}") = "core.tests", "core.tests\core.tests.csproj", "{6474E706-689E-4745-957D-849BE6647B13}"
EndProject
Project("{2150E333-8FDC-42A3-9474-1A3956D46DE8}") = "Solution Items", "Solution Items", "{C7764712-8CDF-49B0-A64C-2BC97F23E34A}"
	ProjectSection(SolutionItems) = preProject
		..\appveyor.yml = ..\appveyor.yml
		CustomDictionary.xml = CustomDictionary.xml
		..\README.md = ..\README.md
	EndProjectSection
EndProject
Global
	GlobalSection(SolutionConfigurationPlatforms) = preSolution
		Debug|Any CPU = Debug|Any CPU
		Release|Any CPU = Release|Any CPU
	EndGlobalSection
	GlobalSection(ProjectConfigurationPlatforms) = postSolution
		{DA6634B1-C212-47B7-9484-296B585A3423}.Debug|Any CPU.ActiveCfg = Debug|Any CPU
		{DA6634B1-C212-47B7-9484-296B585A3423}.Debug|Any CPU.Build.0 = Debug|Any CPU
		{DA6634B1-C212-47B7-9484-296B585A3423}.Release|Any CPU.ActiveCfg = Release|Any CPU
		{DA6634B1-C212-47B7-9484-296B585A3423}.Release|Any CPU.Build.0 = Release|Any CPU
		{6474E706-689E-4745-957D-849BE6647B13}.Debug|Any CPU.ActiveCfg = Debug|Any CPU
		{6474E706-689E-4745-957D-849BE6647B13}.Debug|Any CPU.Build.0 = Debug|Any CPU
		{6474E706-689E-4745-957D-849BE6647B13}.Release|Any CPU.ActiveCfg = Release|Any CPU
		{6474E706-689E-4745-957D-849BE6647B13}.Release|Any CPU.Build.0 = Release|Any CPU
	EndGlobalSection
	GlobalSection(SolutionProperties) = preSolution
		HideSolutionNode = FALSE
	EndGlobalSection
	GlobalSection(ExtensibilityGlobals) = postSolution
		SolutionGuid = {D3D3844D-8401-48F7-8E9D-7503A82C54FE}
	EndGlobalSection
EndGlobal
